{
  "name": "Springboot_wms",
  "lockfileVersion": 3,
  "requires": true,
  "packages": {
    "": {
      "dependencies": {
        "vuex": "^3.0.0"
      }
    },
    "node_modules/vuex": {
      "version": "3.0.0",
      "resolved": "https://registry.npmmirror.com/vuex/-/vuex-3.0.0.tgz",
      "integrity": "sha512-/QPzbRtnj39bUYTRWfFScZ7RWXBxlaQxqfAWuHTKxJoxrBHPANaQNUhY4aUjBlLbAfOOJTOgx17gCcyX8h2AhQ=="
    }
  }
}
